
Microsoft Visual Studio Solution File, Format Version 12.00
# Visual Studio Version 16
VisualStudioVersion = 16.0.31005.135
MinimumVisualStudioVersion = 10.0.40219.1
Project("{FAE04EC0-301F-11D3-BF4B-00C04F79EFBC}") = "HomeWork5", "HomeWork5\HomeWork5.csproj", "{9DD70C68-8800-48BA-8750-B4474CA85564}"
EndProject
Global
	GlobalSection(SolutionConfigurationPlatforms) = preSolution
		Debug|Any CPU = Debug|Any CPU
		Release|Any CPU = Release|Any CPU
	EndGlobalSection
	GlobalSection(ProjectConfigurationPlatforms) = postSolution
		{9DD70C68-8800-48BA-8750-B4474CA85564}.Debug|Any CPU.ActiveCfg = Debug|Any CPU
		{9DD70C68-8800-48BA-8750-B4474CA85564}.Debug|Any CPU.Build.0 = Debug|Any CPU
		{9DD70C68-8800-48BA-8750-B4474CA85564}.Release|Any CPU.ActiveCfg = Release|Any CPU
		{9DD70C68-8800-48BA-8750-B4474CA85564}.Release|Any CPU.Build.0 = Release|Any CPU
	EndGlobalSection
	GlobalSection(SolutionProperties) = preSolution
		HideSolutionNode = FALSE
	EndGlobalSection
	GlobalSection(ExtensibilityGlobals) = postSolution
		SolutionGuid = {18EEC92A-E29E-4936-BA0A-D427D5FC6106}
	EndGlobalSection
EndGlobal
